
Microsoft Visual Studio Solution File, Format Version 12.00
# Visual Studio Version 17
VisualStudioVersion = 17.13.35825.156 d17.13
MinimumVisualStudioVersion = 10.0.40219.1
Project("{FAE04EC0-301F-11D3-BF4B-00C04F79EFBC}") = "Attendance.Api", "Attendance.Api\Attendance.Api.csproj", "{0F08BB9C-8ED2-4FE8-9EAE-A7AC087FD94E}"
EndProject
Project("{FAE04EC0-301F-11D3-BF4B-00C04F79EFBC}") = "Attendance.Data", "Attendance.Data\Attendance.Data.csproj", "{0FC2AA76-F8B9-4119-96C5-B87C02497020}"
EndProject
Project("{2150E333-8FDC-42A3-9474-1A3956D46DE8}") = "Sql", "Sql", "{02EA681E-C7D8-13C7-8484-4AC65E1B71E8}"
	ProjectSection(SolutionItems) = preProject
		initialize.sql = initialize.sql
	EndProjectSection
EndProject
Project("{FAE04EC0-301F-11D3-BF4B-00C04F79EFBC}") = "Attendance.Services", "Attendance.Services\Attendance.Services.csproj", "{C35ABDE0-71F3-496D-B090-D7834DBB5FBF}"
EndProject
Global
	GlobalSection(SolutionConfigurationPlatforms) = preSolution
		Debug|Any CPU = Debug|Any CPU
		Release|Any CPU = Release|Any CPU
	EndGlobalSection
	GlobalSection(ProjectConfigurationPlatforms) = postSolution
		{0F08BB9C-8ED2-4FE8-9EAE-A7AC087FD94E}.Debug|Any CPU.ActiveCfg = Debug|Any CPU
		{0F08BB9C-8ED2-4FE8-9EAE-A7AC087FD94E}.Debug|Any CPU.Build.0 = Debug|Any CPU
		{0F08BB9C-8ED2-4FE8-9EAE-A7AC087FD94E}.Release|Any CPU.ActiveCfg = Release|Any CPU
		{0F08BB9C-8ED2-4FE8-9EAE-A7AC087FD94E}.Release|Any CPU.Build.0 = Release|Any CPU
		{0FC2AA76-F8B9-4119-96C5-B87C02497020}.Debug|Any CPU.ActiveCfg = Debug|Any CPU
		{0FC2AA76-F8B9-4119-96C5-B87C02497020}.Debug|Any CPU.Build.0 = Debug|Any CPU
		{0FC2AA76-F8B9-4119-96C5-B87C02497020}.Release|Any CPU.ActiveCfg = Release|Any CPU
		{0FC2AA76-F8B9-4119-96C5-B87C02497020}.Release|Any CPU.Build.0 = Release|Any CPU
		{C35ABDE0-71F3-496D-B090-D7834DBB5FBF}.Debug|Any CPU.ActiveCfg = Debug|Any CPU
		{C35ABDE0-71F3-496D-B090-D7834DBB5FBF}.Debug|Any CPU.Build.0 = Debug|Any CPU
		{C35ABDE0-71F3-496D-B090-D7834DBB5FBF}.Release|Any CPU.ActiveCfg = Release|Any CPU
		{C35ABDE0-71F3-496D-B090-D7834DBB5FBF}.Release|Any CPU.Build.0 = Release|Any CPU
	EndGlobalSection
	GlobalSection(SolutionProperties) = preSolution
		HideSolutionNode = FALSE
	EndGlobalSection
	GlobalSection(ExtensibilityGlobals) = postSolution
		SolutionGuid = {104867CE-D68C-47D7-9844-5805AFDE87C4}
	EndGlobalSection
EndGlobal
